
Microsoft Visual Studio Solution File, Format Version 12.00
# Visual Studio Version 16
VisualStudioVersion = 16.0.31025.194
MinimumVisualStudioVersion = 10.0.40219.1
Project("{FAE04EC0-301F-11D3-BF4B-00C04F79EFBC}") = "POPCAT", "POPCAT\POPCAT.csproj", "{31B5CF85-0637-459F-BDF7-CF1DE38ED683}"
EndProject
Global
	GlobalSection(SolutionConfigurationPlatforms) = preSolution
		Debug|Any CPU = Debug|Any CPU
		Release|Any CPU = Release|Any CPU
	EndGlobalSection
	GlobalSection(ProjectConfigurationPlatforms) = postSolution
		{31B5CF85-0637-459F-BDF7-CF1DE38ED683}.Debug|Any CPU.ActiveCfg = Debug|Any CPU
		{31B5CF85-0637-459F-BDF7-CF1DE38ED683}.Debug|Any CPU.Build.0 = Debug|Any CPU
		{31B5CF85-0637-459F-BDF7-CF1DE38ED683}.Release|Any CPU.ActiveCfg = Release|Any CPU
		{31B5CF85-0637-459F-BDF7-CF1DE38ED683}.Release|Any CPU.Build.0 = Release|Any CPU
	EndGlobalSection
	GlobalSection(SolutionProperties) = preSolution
		HideSolutionNode = FALSE
	EndGlobalSection
	GlobalSection(ExtensibilityGlobals) = postSolution
		SolutionGuid = {F0FCD632-1FBD-4D64-9D35-FA43FE928A14}
	EndGlobalSection
EndGlobal
